// !$*UTF8*$!
{
	archiveVersion = 1;
	classes = {
	};
	objectVersion = 56;
	objects = {

/* Begin PBXBuildFile section */
		0A0586252A8F84380031D662 /* MainCollectionViewCell.swift in Sources */ = {isa = PBXBuildFile; fileRef = 0A0586242A8F84380031D662 /* MainCollectionViewCell.swift */; };
		0A05862A2A8F8BB10031D662 /* UIView+Extension.swift in Sources */ = {isa = PBXBuildFile; fileRef = 0A0586292A8F8BB10031D662 /* UIView+Extension.swift */; };
		0A05862D2A8F92030031D662 /* Kingfisher in Frameworks */ = {isa = PBXBuildFile; productRef = 0A05862C2A8F92030031D662 /* Kingfisher */; };
		0A0586312A8F95600031D662 /* DetailViewController.swift in Sources */ = {isa = PBXBuildFile; fileRef = 0A0586302A8F95600031D662 /* DetailViewController.swift */; };
		0A0586702A8FA4C70031D662 /* Gilroy-Extrabold.ttf in Resources */ = {isa = PBXBuildFile; fileRef = 0A05865C2A8FA4C70031D662 /* Gilroy-Extrabold.ttf */; };
		0A0586712A8FA4C70031D662 /* Gilroy-Light.ttf in Resources */ = {isa = PBXBuildFile; fileRef = 0A05865D2A8FA4C70031D662 /* Gilroy-Light.ttf */; };
		0A0586732A8FA4C70031D662 /* Gilroy-Heavy.ttf in Resources */ = {isa = PBXBuildFile; fileRef = 0A05865F2A8FA4C70031D662 /* Gilroy-Heavy.ttf */; };
		0A0586742A8FA4C70031D662 /* Gilroy-Medium.ttf in Resources */ = {isa = PBXBuildFile; fileRef = 0A0586602A8FA4C70031D662 /* Gilroy-Medium.ttf */; };
		0A0586752A8FA4C70031D662 /* Gilroy-Regular.ttf in Resources */ = {isa = PBXBuildFile; fileRef = 0A0586612A8FA4C70031D662 /* Gilroy-Regular.ttf */; };
		0A0586782A8FA4C70031D662 /* Gilroy-UltraLight.ttf in Resources */ = {isa = PBXBuildFile; fileRef = 0A0586642A8FA4C70031D662 /* Gilroy-UltraLight.ttf */; };
		0A05867A2A8FA4C70031D662 /* Gilroy-Bold.ttf in Resources */ = {isa = PBXBuildFile; fileRef = 0A0586662A8FA4C70031D662 /* Gilroy-Bold.ttf */; };
		0A05867B2A8FA4C70031D662 /* Gilroy-Black.ttf in Resources */ = {isa = PBXBuildFile; fileRef = 0A0586672A8FA4C70031D662 /* Gilroy-Black.ttf */; };
		0A0586802A8FA4C70031D662 /* Gilroy-Semibold.ttf in Resources */ = {isa = PBXBuildFile; fileRef = 0A05866C2A8FA4C70031D662 /* Gilroy-Semibold.ttf */; };
		0A0586812A8FA4C70031D662 /* Gilroy-Thin.ttf in Resources */ = {isa = PBXBuildFile; fileRef = 0A05866D2A8FA4C70031D662 /* Gilroy-Thin.ttf */; };
		0A0586842A8FA84D0031D662 /* FontWeight.swift in Sources */ = {isa = PBXBuildFile; fileRef = 0A0586832A8FA84D0031D662 /* FontWeight.swift */; };
		0A0586A32A937A160031D662 /* APIData.swift in Sources */ = {isa = PBXBuildFile; fileRef = 0A0586A22A937A160031D662 /* APIData.swift */; };
		0A0586A52A937A420031D662 /* Character.swift in Sources */ = {isa = PBXBuildFile; fileRef = 0A0586A42A937A420031D662 /* Character.swift */; };
		0A0586A72A937A9F0031D662 /* Location.swift in Sources */ = {isa = PBXBuildFile; fileRef = 0A0586A62A937A9F0031D662 /* Location.swift */; };
		0A0586A92A937AB80031D662 /* Origin.swift in Sources */ = {isa = PBXBuildFile; fileRef = 0A0586A82A937AB80031D662 /* Origin.swift */; };
		0A0586AC2A9381460031D662 /* NetworkManager.swift in Sources */ = {isa = PBXBuildFile; fileRef = 0A0586AB2A9381460031D662 /* NetworkManager.swift */; };
		0A0586AE2A9381B50031D662 /* Route.swift in Sources */ = {isa = PBXBuildFile; fileRef = 0A0586AD2A9381B50031D662 /* Route.swift */; };
		0A0586B02A93828C0031D662 /* Characters.swift in Sources */ = {isa = PBXBuildFile; fileRef = 0A0586AF2A93828C0031D662 /* Characters.swift */; };
		0A8C8C8C2A8F701E0068C91D /* AppDelegate.swift in Sources */ = {isa = PBXBuildFile; fileRef = 0A8C8C8B2A8F701E0068C91D /* AppDelegate.swift */; };
		0A8C8C8E2A8F701E0068C91D /* SceneDelegate.swift in Sources */ = {isa = PBXBuildFile; fileRef = 0A8C8C8D2A8F701E0068C91D /* SceneDelegate.swift */; };
		0A8C8C952A8F701F0068C91D /* Assets.xcassets in Resources */ = {isa = PBXBuildFile; fileRef = 0A8C8C942A8F701F0068C91D /* Assets.xcassets */; };
		0A8C8C982A8F701F0068C91D /* LaunchScreen.storyboard in Resources */ = {isa = PBXBuildFile; fileRef = 0A8C8C962A8F701F0068C91D /* LaunchScreen.storyboard */; };
		0A8C8CA32A8F75200068C91D /* MainViewController.swift in Sources */ = {isa = PBXBuildFile; fileRef = 0A8C8CA22A8F75200068C91D /* MainViewController.swift */; };
		0A8C8CA82A8F76C20068C91D /* UIColor+Extension.swift in Sources */ = {isa = PBXBuildFile; fileRef = 0A8C8CA72A8F76C20068C91D /* UIColor+Extension.swift */; };
		0A8C8CAA2A8F77800068C91D /* Resources.swift in Sources */ = {isa = PBXBuildFile; fileRef = 0A8C8CA92A8F77800068C91D /* Resources.swift */; };
		0AF73D312A93A82600F1C7B5 /* ProgressHUD in Frameworks */ = {isa = PBXBuildFile; productRef = 0AF73D302A93A82600F1C7B5 /* ProgressHUD */; };
		0AF73D342A94A46100F1C7B5 /* InfoView.swift in Sources */ = {isa = PBXBuildFile; fileRef = 0AF73D332A94A46100F1C7B5 /* InfoView.swift */; };
		0AF73D3D2A94CA4C00F1C7B5 /* EpisodeTableViewCell.swift in Sources */ = {isa = PBXBuildFile; fileRef = 0AF73D3C2A94CA4C00F1C7B5 /* EpisodeTableViewCell.swift */; };
		0AF73D402A94CA8800F1C7B5 /* OriginTableViewCell.swift in Sources */ = {isa = PBXBuildFile; fileRef = 0AF73D3F2A94CA8800F1C7B5 /* OriginTableViewCell.swift */; };
		0AF73D452A94CFE100F1C7B5 /* ProfileTableViewCell.swift in Sources */ = {isa = PBXBuildFile; fileRef = 0AF73D442A94CFE100F1C7B5 /* ProfileTableViewCell.swift */; };
/* End PBXBuildFile section */

/* Begin PBXFileReference section */
		0A0586242A8F84380031D662 /* MainCollectionViewCell.swift */ = {isa = PBXFileReference; lastKnownFileType = sourcecode.swift; path = MainCollectionViewCell.swift; sourceTree = "<group>"; };
		0A0586292A8F8BB10031D662 /* UIView+Extension.swift */ = {isa = PBXFileReference; lastKnownFileType = sourcecode.swift; path = "UIView+Extension.swift"; sourceTree = "<group>"; };
		0A0586302A8F95600031D662 /* DetailViewController.swift */ = {isa = PBXFileReference; lastKnownFileType = sourcecode.swift; path = DetailViewController.swift; sourceTree = "<group>"; };
		0A05865C2A8FA4C70031D662 /* Gilroy-Extrabold.ttf */ = {isa = PBXFileReference; lastKnownFileType = file; name = "Gilroy-Extrabold.ttf"; path = "../../../../../../Downloads/gilroy/Gilroy-Extrabold.ttf"; sourceTree = "<group>"; };
		0A05865D2A8FA4C70031D662 /* Gilroy-Light.ttf */ = {isa = PBXFileReference; lastKnownFileType = file; name = "Gilroy-Light.ttf"; path = "../../../../../../Downloads/gilroy/Gilroy-Light.ttf"; sourceTree = "<group>"; };
		0A05865F2A8FA4C70031D662 /* Gilroy-Heavy.ttf */ = {isa = PBXFileReference; lastKnownFileType = file; name = "Gilroy-Heavy.ttf"; path = "../../../../../../Downloads/gilroy/Gilroy-Heavy.ttf"; sourceTree = "<group>"; };
		0A0586602A8FA4C70031D662 /* Gilroy-Medium.ttf */ = {isa = PBXFileReference; lastKnownFileType = file; name = "Gilroy-Medium.ttf"; path = "../../../../../../Downloads/gilroy/Gilroy-Medium.ttf"; sourceTree = "<group>"; };
		0A0586612A8FA4C70031D662 /* Gilroy-Regular.ttf */ = {isa = PBXFileReference; lastKnownFileType = file; name = "Gilroy-Regular.ttf"; path = "../../../../../../Downloads/gilroy/Gilroy-Regular.ttf"; sourceTree = "<group>"; };
		0A0586642A8FA4C70031D662 /* Gilroy-UltraLight.ttf */ = {isa = PBXFileReference; lastKnownFileType = file; name = "Gilroy-UltraLight.ttf"; path = "../../../../../../Downloads/gilroy/Gilroy-UltraLight.ttf"; sourceTree = "<group>"; };
		0A0586662A8FA4C70031D662 /* Gilroy-Bold.ttf */ = {isa = PBXFileReference; lastKnownFileType = file; name = "Gilroy-Bold.ttf"; path = "../../../../../../Downloads/gilroy/Gilroy-Bold.ttf"; sourceTree = "<group>"; };
		0A0586672A8FA4C70031D662 /* Gilroy-Black.ttf */ = {isa = PBXFileReference; lastKnownFileType = file; name = "Gilroy-Black.ttf"; path = "../../../../../../Downloads/gilroy/Gilroy-Black.ttf"; sourceTree = "<group>"; };
		0A05866C2A8FA4C70031D662 /* Gilroy-Semibold.ttf */ = {isa = PBXFileReference; lastKnownFileType = file; name = "Gilroy-Semibold.ttf"; path = "../../../../../../Downloads/gilroy/Gilroy-Semibold.ttf"; sourceTree = "<group>"; };
		0A05866D2A8FA4C70031D662 /* Gilroy-Thin.ttf */ = {isa = PBXFileReference; lastKnownFileType = file; name = "Gilroy-Thin.ttf"; path = "../../../../../../Downloads/gilroy/Gilroy-Thin.ttf"; sourceTree = "<group>"; };
		0A0586832A8FA84D0031D662 /* FontWeight.swift */ = {isa = PBXFileReference; lastKnownFileType = sourcecode.swift; path = FontWeight.swift; sourceTree = "<group>"; };
		0A0586A22A937A160031D662 /* APIData.swift */ = {isa = PBXFileReference; lastKnownFileType = sourcecode.swift; path = APIData.swift; sourceTree = "<group>"; };
		0A0586A42A937A420031D662 /* Character.swift */ = {isa = PBXFileReference; lastKnownFileType = sourcecode.swift; path = Character.swift; sourceTree = "<group>"; };
		0A0586A62A937A9F0031D662 /* Location.swift */ = {isa = PBXFileReference; lastKnownFileType = sourcecode.swift; path = Location.swift; sourceTree = "<group>"; };
		0A0586A82A937AB80031D662 /* Origin.swift */ = {isa = PBXFileReference; lastKnownFileType = sourcecode.swift; path = Origin.swift; sourceTree = "<group>"; };
		0A0586AB2A9381460031D662 /* NetworkManager.swift */ = {isa = PBXFileReference; lastKnownFileType = sourcecode.swift; path = NetworkManager.swift; sourceTree = "<group>"; };
		0A0586AD2A9381B50031D662 /* Route.swift */ = {isa = PBXFileReference; lastKnownFileType = sourcecode.swift; path = Route.swift; sourceTree = "<group>"; };
		0A0586AF2A93828C0031D662 /* Characters.swift */ = {isa = PBXFileReference; lastKnownFileType = sourcecode.swift; path = Characters.swift; sourceTree = "<group>"; };
		0A8C8C882A8F701E0068C91D /* RickAndMortyApp.app */ = {isa = PBXFileReference; explicitFileType = wrapper.application; includeInIndex = 0; path = RickAndMortyApp.app; sourceTree = BUILT_PRODUCTS_DIR; };
		0A8C8C8B2A8F701E0068C91D /* AppDelegate.swift */ = {isa = PBXFileReference; lastKnownFileType = sourcecode.swift; path = AppDelegate.swift; sourceTree = "<group>"; };
		0A8C8C8D2A8F701E0068C91D /* SceneDelegate.swift */ = {isa = PBXFileReference; lastKnownFileType = sourcecode.swift; path = SceneDelegate.swift; sourceTree = "<group>"; };
		0A8C8C942A8F701F0068C91D /* Assets.xcassets */ = {isa = PBXFileReference; lastKnownFileType = folder.assetcatalog; path = Assets.xcassets; sourceTree = "<group>"; };
		0A8C8C972A8F701F0068C91D /* Base */ = {isa = PBXFileReference; lastKnownFileType = file.storyboard; name = Base; path = Base.lproj/LaunchScreen.storyboard; sourceTree = "<group>"; };
		0A8C8C992A8F701F0068C91D /* Info.plist */ = {isa = PBXFileReference; lastKnownFileType = text.plist.xml; path = Info.plist; sourceTree = "<group>"; };
		0A8C8CA22A8F75200068C91D /* MainViewController.swift */ = {isa = PBXFileReference; lastKnownFileType = sourcecode.swift; path = MainViewController.swift; sourceTree = "<group>"; };
		0A8C8CA72A8F76C20068C91D /* UIColor+Extension.swift */ = {isa = PBXFileReference; lastKnownFileType = sourcecode.swift; path = "UIColor+Extension.swift"; sourceTree = "<group>"; };
		0A8C8CA92A8F77800068C91D /* Resources.swift */ = {isa = PBXFileReference; lastKnownFileType = sourcecode.swift; path = Resources.swift; sourceTree = "<group>"; };
		0AF73D332A94A46100F1C7B5 /* InfoView.swift */ = {isa = PBXFileReference; lastKnownFileType = sourcecode.swift; path = InfoView.swift; sourceTree = "<group>"; };
		0AF73D3C2A94CA4C00F1C7B5 /* EpisodeTableViewCell.swift */ = {isa = PBXFileReference; lastKnownFileType = sourcecode.swift; path = EpisodeTableViewCell.swift; sourceTree = "<group>"; };
		0AF73D3F2A94CA8800F1C7B5 /* OriginTableViewCell.swift */ = {isa = PBXFileReference; lastKnownFileType = sourcecode.swift; path = OriginTableViewCell.swift; sourceTree = "<group>"; };
		0AF73D442A94CFE100F1C7B5 /* ProfileTableViewCell.swift */ = {isa = PBXFileReference; lastKnownFileType = sourcecode.swift; path = ProfileTableViewCell.swift; sourceTree = "<group>"; };
/* End PBXFileReference section */

/* Begin PBXFrameworksBuildPhase section */
		0A8C8C852A8F701E0068C91D /* Frameworks */ = {
			isa = PBXFrameworksBuildPhase;
			buildActionMask = 2147483647;
			files = (
				0A05862D2A8F92030031D662 /* Kingfisher in Frameworks */,
				0AF73D312A93A82600F1C7B5 /* ProgressHUD in Frameworks */,
			);
			runOnlyForDeploymentPostprocessing = 0;
		};
/* End PBXFrameworksBuildPhase section */

/* Begin PBXGroup section */
		0A0586232A8F84240031D662 /* MainCollectionViewCell */ = {
			isa = PBXGroup;
			children = (
				0A0586242A8F84380031D662 /* MainCollectionViewCell.swift */,
			);
			path = MainCollectionViewCell;
			sourceTree = "<group>";
		};
		0A05865A2A8FA4760031D662 /* Fonts */ = {
			isa = PBXGroup;
			children = (
				0A0586672A8FA4C70031D662 /* Gilroy-Black.ttf */,
				0A0586662A8FA4C70031D662 /* Gilroy-Bold.ttf */,
				0A05865C2A8FA4C70031D662 /* Gilroy-Extrabold.ttf */,
				0A05865F2A8FA4C70031D662 /* Gilroy-Heavy.ttf */,
				0A05865D2A8FA4C70031D662 /* Gilroy-Light.ttf */,
				0A0586602A8FA4C70031D662 /* Gilroy-Medium.ttf */,
				0A0586612A8FA4C70031D662 /* Gilroy-Regular.ttf */,
				0A05866C2A8FA4C70031D662 /* Gilroy-Semibold.ttf */,
				0A05866D2A8FA4C70031D662 /* Gilroy-Thin.ttf */,
				0A0586642A8FA4C70031D662 /* Gilroy-UltraLight.ttf */,
				0A0586832A8FA84D0031D662 /* FontWeight.swift */,
			);
			path = Fonts;
			sourceTree = "<group>";
		};
		0A0586A12A9376070031D662 /* Models */ = {
			isa = PBXGroup;
			children = (
				0A0586A22A937A160031D662 /* APIData.swift */,
				0A0586A42A937A420031D662 /* Character.swift */,
				0A0586A62A937A9F0031D662 /* Location.swift */,
				0A0586A82A937AB80031D662 /* Origin.swift */,
				0A0586AF2A93828C0031D662 /* Characters.swift */,
			);
			path = Models;
			sourceTree = "<group>";
		};
		0A0586AA2A937B0F0031D662 /* NetworkManager */ = {
			isa = PBXGroup;
			children = (
				0A0586AB2A9381460031D662 /* NetworkManager.swift */,
				0A0586AD2A9381B50031D662 /* Route.swift */,
			);
			path = NetworkManager;
			sourceTree = "<group>";
		};
		0A8C8C7F2A8F701E0068C91D = {
			isa = PBXGroup;
			children = (
				0A8C8C8A2A8F701E0068C91D /* RickAndMortyApp */,
				0A8C8C892A8F701E0068C91D /* Products */,
			);
			sourceTree = "<group>";
		};
		0A8C8C892A8F701E0068C91D /* Products */ = {
			isa = PBXGroup;
			children = (
				0A8C8C882A8F701E0068C91D /* RickAndMortyApp.app */,
			);
			name = Products;
			sourceTree = "<group>";
		};
		0A8C8C8A2A8F701E0068C91D /* RickAndMortyApp */ = {
			isa = PBXGroup;
			children = (
				0A0586AA2A937B0F0031D662 /* NetworkManager */,
				0A0586A12A9376070031D662 /* Models */,
				0A8C8CA52A8F76A60068C91D /* Helpers */,
				0A8C8C9F2A8F746E0068C91D /* Views */,
				0A8C8CA42A8F75940068C91D /* AppFiles */,
				0A8C8C942A8F701F0068C91D /* Assets.xcassets */,
				0A8C8C962A8F701F0068C91D /* LaunchScreen.storyboard */,
				0A8C8C992A8F701F0068C91D /* Info.plist */,
			);
			path = RickAndMortyApp;
			sourceTree = "<group>";
		};
		0A8C8C9F2A8F746E0068C91D /* Views */ = {
			isa = PBXGroup;
			children = (
				0A8C8CA12A8F74810068C91D /* DetailsViewController */,
				0A8C8CA02A8F74780068C91D /* MainViewController */,
			);
			path = Views;
			sourceTree = "<group>";
		};
		0A8C8CA02A8F74780068C91D /* MainViewController */ = {
			isa = PBXGroup;
			children = (
				0A0586232A8F84240031D662 /* MainCollectionViewCell */,
				0A8C8CA22A8F75200068C91D /* MainViewController.swift */,
			);
			path = MainViewController;
			sourceTree = "<group>";
		};
		0A8C8CA12A8F74810068C91D /* DetailsViewController */ = {
			isa = PBXGroup;
			children = (
				0AF73D412A94CABD00F1C7B5 /* ProfileCell */,
				0AF73D3E2A94CA7C00F1C7B5 /* OriginCell */,
				0AF73D3B2A94CA3000F1C7B5 /* EpisodeCell */,
				0AF73D322A94A45500F1C7B5 /* InfoView */,
				0A0586302A8F95600031D662 /* DetailViewController.swift */,
			);
			path = DetailsViewController;
			sourceTree = "<group>";
		};
		0A8C8CA42A8F75940068C91D /* AppFiles */ = {
			isa = PBXGroup;
			children = (
				0A8C8C8B2A8F701E0068C91D /* AppDelegate.swift */,
				0A8C8C8D2A8F701E0068C91D /* SceneDelegate.swift */,
			);
			path = AppFiles;
			sourceTree = "<group>";
		};
		0A8C8CA52A8F76A60068C91D /* Helpers */ = {
			isa = PBXGroup;
			children = (
				0A05865A2A8FA4760031D662 /* Fonts */,
				0A8C8CA62A8F76B20068C91D /* Extensions */,
				0A8C8CA92A8F77800068C91D /* Resources.swift */,
			);
			path = Helpers;
			sourceTree = "<group>";
		};
		0A8C8CA62A8F76B20068C91D /* Extensions */ = {
			isa = PBXGroup;
			children = (
				0A8C8CA72A8F76C20068C91D /* UIColor+Extension.swift */,
				0A0586292A8F8BB10031D662 /* UIView+Extension.swift */,
			);
			path = Extensions;
			sourceTree = "<group>";
		};
		0AF73D322A94A45500F1C7B5 /* InfoView */ = {
			isa = PBXGroup;
			children = (
				0AF73D332A94A46100F1C7B5 /* InfoView.swift */,
			);
			path = InfoView;
			sourceTree = "<group>";
		};
		0AF73D3B2A94CA3000F1C7B5 /* EpisodeCell */ = {
			isa = PBXGroup;
			children = (
				0AF73D3C2A94CA4C00F1C7B5 /* EpisodeTableViewCell.swift */,
			);
			path = EpisodeCell;
			sourceTree = "<group>";
		};
		0AF73D3E2A94CA7C00F1C7B5 /* OriginCell */ = {
			isa = PBXGroup;
			children = (
				0AF73D3F2A94CA8800F1C7B5 /* OriginTableViewCell.swift */,
			);
			path = OriginCell;
			sourceTree = "<group>";
		};
		0AF73D412A94CABD00F1C7B5 /* ProfileCell */ = {
			isa = PBXGroup;
			children = (
				0AF73D442A94CFE100F1C7B5 /* ProfileTableViewCell.swift */,
			);
			path = ProfileCell;
			sourceTree = "<group>";
		};
/* End PBXGroup section */

/* Begin PBXNativeTarget section */
		0A8C8C872A8F701E0068C91D /* RickAndMortyApp */ = {
			isa = PBXNativeTarget;
			buildConfigurationList = 0A8C8C9C2A8F701F0068C91D /* Build configuration list for PBXNativeTarget "RickAndMortyApp" */;
			buildPhases = (
				0A8C8C842A8F701E0068C91D /* Sources */,
				0A8C8C852A8F701E0068C91D /* Frameworks */,
				0A8C8C862A8F701E0068C91D /* Resources */,
			);
			buildRules = (
			);
			dependencies = (
			);
			name = RickAndMortyApp;
			packageProductDependencies = (
				0A05862C2A8F92030031D662 /* Kingfisher */,
				0AF73D302A93A82600F1C7B5 /* ProgressHUD */,
			);
			productName = RickAndMortyApp;
			productReference = 0A8C8C882A8F701E0068C91D /* RickAndMortyApp.app */;
			productType = "com.apple.product-type.application";
		};
/* End PBXNativeTarget section */

/* Begin PBXProject section */
		0A8C8C802A8F701E0068C91D /* Project object */ = {
			isa = PBXProject;
			attributes = {
				BuildIndependentTargetsInParallel = 1;
				LastSwiftUpdateCheck = 1430;
				LastUpgradeCheck = 1430;
				TargetAttributes = {
					0A8C8C872A8F701E0068C91D = {
						CreatedOnToolsVersion = 14.3.1;
					};
				};
			};
			buildConfigurationList = 0A8C8C832A8F701E0068C91D /* Build configuration list for PBXProject "RickAndMortyApp" */;
			compatibilityVersion = "Xcode 14.0";
			developmentRegion = en;
			hasScannedForEncodings = 0;
			knownRegions = (
				en,
				Base,
			);
			mainGroup = 0A8C8C7F2A8F701E0068C91D;
			packageReferences = (
				0A05862B2A8F92030031D662 /* XCRemoteSwiftPackageReference "Kingfisher" */,
				0AF73D2F2A93A82600F1C7B5 /* XCRemoteSwiftPackageReference "ProgressHUD" */,
			);
			productRefGroup = 0A8C8C892A8F701E0068C91D /* Products */;
			projectDirPath = "";
			projectRoot = "";
			targets = (
				0A8C8C872A8F701E0068C91D /* RickAndMortyApp */,
			);
		};
/* End PBXProject section */

/* Begin PBXResourcesBuildPhase section */
		0A8C8C862A8F701E0068C91D /* Resources */ = {
			isa = PBXResourcesBuildPhase;
			buildActionMask = 2147483647;
			files = (
				0A0586802A8FA4C70031D662 /* Gilroy-Semibold.ttf in Resources */,
				0A0586812A8FA4C70031D662 /* Gilroy-Thin.ttf in Resources */,
				0A0586702A8FA4C70031D662 /* Gilroy-Extrabold.ttf in Resources */,
				0A05867B2A8FA4C70031D662 /* Gilroy-Black.ttf in Resources */,
				0A05867A2A8FA4C70031D662 /* Gilroy-Bold.ttf in Resources */,
				0A0586752A8FA4C70031D662 /* Gilroy-Regular.ttf in Resources */,
				0A0586742A8FA4C70031D662 /* Gilroy-Medium.ttf in Resources */,
				0A8C8C982A8F701F0068C91D /* LaunchScreen.storyboard in Resources */,
				0A8C8C952A8F701F0068C91D /* Assets.xcassets in Resources */,
				0A0586712A8FA4C70031D662 /* Gilroy-Light.ttf in Resources */,
				0A0586782A8FA4C70031D662 /* Gilroy-UltraLight.ttf in Resources */,
				0A0586732A8FA4C70031D662 /* Gilroy-Heavy.ttf in Resources */,
			);
			runOnlyForDeploymentPostprocessing = 0;
		};
/* End PBXResourcesBuildPhase section */

/* Begin PBXSourcesBuildPhase section */
		0A8C8C842A8F701E0068C91D /* Sources */ = {
			isa = PBXSourcesBuildPhase;
			buildActionMask = 2147483647;
			files = (
				0AF73D402A94CA8800F1C7B5 /* OriginTableViewCell.swift in Sources */,
				0A8C8CA32A8F75200068C91D /* MainViewController.swift in Sources */,
				0A05862A2A8F8BB10031D662 /* UIView+Extension.swift in Sources */,
				0AF73D3D2A94CA4C00F1C7B5 /* EpisodeTableViewCell.swift in Sources */,
				0A0586252A8F84380031D662 /* MainCollectionViewCell.swift in Sources */,
				0A0586A52A937A420031D662 /* Character.swift in Sources */,
				0AF73D342A94A46100F1C7B5 /* InfoView.swift in Sources */,
				0A8C8C8C2A8F701E0068C91D /* AppDelegate.swift in Sources */,
				0A0586AE2A9381B50031D662 /* Route.swift in Sources */,
				0A8C8C8E2A8F701E0068C91D /* SceneDelegate.swift in Sources */,
				0A0586A72A937A9F0031D662 /* Location.swift in Sources */,
				0A0586A32A937A160031D662 /* APIData.swift in Sources */,
				0A0586842A8FA84D0031D662 /* FontWeight.swift in Sources */,
				0A8C8CAA2A8F77800068C91D /* Resources.swift in Sources */,
				0AF73D452A94CFE100F1C7B5 /* ProfileTableViewCell.swift in Sources */,
				0A8C8CA82A8F76C20068C91D /* UIColor+Extension.swift in Sources */,
				0A0586AC2A9381460031D662 /* NetworkManager.swift in Sources */,
				0A0586B02A93828C0031D662 /* Characters.swift in Sources */,
				0A0586312A8F95600031D662 /* DetailViewController.swift in Sources */,
				0A0586A92A937AB80031D662 /* Origin.swift in Sources */,
			);
			runOnlyForDeploymentPostprocessing = 0;
		};
/* End PBXSourcesBuildPhase section */

/* Begin PBXVariantGroup section */
		0A8C8C962A8F701F0068C91D /* LaunchScreen.storyboard */ = {
			isa = PBXVariantGroup;
			children = (
				0A8C8C972A8F701F0068C91D /* Base */,
			);
			name = LaunchScreen.storyboard;
			sourceTree = "<group>";
		};
/* End PBXVariantGroup section */

/* Begin XCBuildConfiguration section */
		0A8C8C9A2A8F701F0068C91D /* Debug */ = {
			isa = XCBuildConfiguration;
			buildSettings = {
				ALWAYS_SEARCH_USER_PATHS = NO;
				CLANG_ANALYZER_NONNULL = YES;
				CLANG_ANALYZER_NUMBER_OBJECT_CONVERSION = YES_AGGRESSIVE;
				CLANG_CXX_LANGUAGE_STANDARD = "gnu++20";
				CLANG_ENABLE_MODULES = YES;
				CLANG_ENABLE_OBJC_ARC = YES;
				CLANG_ENABLE_OBJC_WEAK = YES;
				CLANG_WARN_BLOCK_CAPTURE_AUTORELEASING = YES;
				CLANG_WARN_BOOL_CONVERSION = YES;
				CLANG_WARN_COMMA = YES;
				CLANG_WARN_CONSTANT_CONVERSION = YES;
				CLANG_WARN_DEPRECATED_OBJC_IMPLEMENTATIONS = YES;
				CLANG_WARN_DIRECT_OBJC_ISA_USAGE = YES_ERROR;
				CLANG_WARN_DOCUMENTATION_COMMENTS = YES;
				CLANG_WARN_EMPTY_BODY = YES;
				CLANG_WARN_ENUM_CONVERSION = YES;
				CLANG_WARN_INFINITE_RECURSION = YES;
				CLANG_WARN_INT_CONVERSION = YES;
				CLANG_WARN_NON_LITERAL_NULL_CONVERSION = YES;
				CLANG_WARN_OBJC_IMPLICIT_RETAIN_SELF = YES;
				CLANG_WARN_OBJC_LITERAL_CONVERSION = YES;
				CLANG_WARN_OBJC_ROOT_CLASS = YES_ERROR;
				CLANG_WARN_QUOTED_INCLUDE_IN_FRAMEWORK_HEADER = YES;
				CLANG_WARN_RANGE_LOOP_ANALYSIS = YES;
				CLANG_WARN_STRICT_PROTOTYPES = YES;
				CLANG_WARN_SUSPICIOUS_MOVE = YES;
				CLANG_WARN_UNGUARDED_AVAILABILITY = YES_AGGRESSIVE;
				CLANG_WARN_UNREACHABLE_CODE = YES;
				CLANG_WARN__DUPLICATE_METHOD_MATCH = YES;
				COPY_PHASE_STRIP = NO;
				DEBUG_INFORMATION_FORMAT = dwarf;
				ENABLE_STRICT_OBJC_MSGSEND = YES;
				ENABLE_TESTABILITY = YES;
				GCC_C_LANGUAGE_STANDARD = gnu11;
				GCC_DYNAMIC_NO_PIC = NO;
				GCC_NO_COMMON_BLOCKS = YES;
				GCC_OPTIMIZATION_LEVEL = 0;
				GCC_PREPROCESSOR_DEFINITIONS = (
					"DEBUG=1",
					"$(inherited)",
				);
				GCC_WARN_64_TO_32_BIT_CONVERSION = YES;
				GCC_WARN_ABOUT_RETURN_TYPE = YES_ERROR;
				GCC_WARN_UNDECLARED_SELECTOR = YES;
				GCC_WARN_UNINITIALIZED_AUTOS = YES_AGGRESSIVE;
				GCC_WARN_UNUSED_FUNCTION = YES;
				GCC_WARN_UNUSED_VARIABLE = YES;
				IPHONEOS_DEPLOYMENT_TARGET = 16.4;
				MTL_ENABLE_DEBUG_INFO = INCLUDE_SOURCE;
				MTL_FAST_MATH = YES;
				ONLY_ACTIVE_ARCH = YES;
				SDKROOT = iphoneos;
				SWIFT_ACTIVE_COMPILATION_CONDITIONS = DEBUG;
				SWIFT_OPTIMIZATION_LEVEL = "-Onone";
			};
			name = Debug;
		};
		0A8C8C9B2A8F701F0068C91D /* Release */ = {
			isa = XCBuildConfiguration;
			buildSettings = {
				ALWAYS_SEARCH_USER_PATHS = NO;
				CLANG_ANALYZER_NONNULL = YES;
				CLANG_ANALYZER_NUMBER_OBJECT_CONVERSION = YES_AGGRESSIVE;
				CLANG_CXX_LANGUAGE_STANDARD = "gnu++20";
				CLANG_ENABLE_MODULES = YES;
				CLANG_ENABLE_OBJC_ARC = YES;
				CLANG_ENABLE_OBJC_WEAK = YES;
				CLANG_WARN_BLOCK_CAPTURE_AUTORELEASING = YES;
				CLANG_WARN_BOOL_CONVERSION = YES;
				CLANG_WARN_COMMA = YES;
				CLANG_WARN_CONSTANT_CONVERSION = YES;
				CLANG_WARN_DEPRECATED_OBJC_IMPLEMENTATIONS = YES;
				CLANG_WARN_DIRECT_OBJC_ISA_USAGE = YES_ERROR;
				CLANG_WARN_DOCUMENTATION_COMMENTS = YES;
				CLANG_WARN_EMPTY_BODY = YES;
				CLANG_WARN_ENUM_CONVERSION = YES;
				CLANG_WARN_INFINITE_RECURSION = YES;
				CLANG_WARN_INT_CONVERSION = YES;
				CLANG_WARN_NON_LITERAL_NULL_CONVERSION = YES;
				CLANG_WARN_OBJC_IMPLICIT_RETAIN_SELF = YES;
				CLANG_WARN_OBJC_LITERAL_CONVERSION = YES;
				CLANG_WARN_OBJC_ROOT_CLASS = YES_ERROR;
				CLANG_WARN_QUOTED_INCLUDE_IN_FRAMEWORK_HEADER = YES;
				CLANG_WARN_RANGE_LOOP_ANALYSIS = YES;
				CLANG_WARN_STRICT_PROTOTYPES = YES;
				CLANG_WARN_SUSPICIOUS_MOVE = YES;
				CLANG_WARN_UNGUARDED_AVAILABILITY = YES_AGGRESSIVE;
				CLANG_WARN_UNREACHABLE_CODE = YES;
				CLANG_WARN__DUPLICATE_METHOD_MATCH = YES;
				COPY_PHASE_STRIP = NO;
				DEBUG_INFORMATION_FORMAT = "dwarf-with-dsym";
				ENABLE_NS_ASSERTIONS = NO;
				ENABLE_STRICT_OBJC_MSGSEND = YES;
				GCC_C_LANGUAGE_STANDARD = gnu11;
				GCC_NO_COMMON_BLOCKS = YES;
				GCC_WARN_64_TO_32_BIT_CONVERSION = YES;
				GCC_WARN_ABOUT_RETURN_TYPE = YES_ERROR;
				GCC_WARN_UNDECLARED_SELECTOR = YES;
				GCC_WARN_UNINITIALIZED_AUTOS = YES_AGGRESSIVE;
				GCC_WARN_UNUSED_FUNCTION = YES;
				GCC_WARN_UNUSED_VARIABLE = YES;
				IPHONEOS_DEPLOYMENT_TARGET = 16.4;
				MTL_ENABLE_DEBUG_INFO = NO;
				MTL_FAST_MATH = YES;
				SDKROOT = iphoneos;
				SWIFT_COMPILATION_MODE = wholemodule;
				SWIFT_OPTIMIZATION_LEVEL = "-O";
				VALIDATE_PRODUCT = YES;
			};
			name = Release;
		};
		0A8C8C9D2A8F701F0068C91D /* Debug */ = {
			isa = XCBuildConfiguration;
			buildSettings = {
				ASSETCATALOG_COMPILER_APPICON_NAME = AppIcon;
				ASSETCATALOG_COMPILER_GLOBAL_ACCENT_COLOR_NAME = AccentColor;
				CODE_SIGN_STYLE = Automatic;
				CURRENT_PROJECT_VERSION = 1;
				DEVELOPMENT_TEAM = HM795YG5L5;
				GENERATE_INFOPLIST_FILE = YES;
				INFOPLIST_FILE = RickAndMortyApp/Info.plist;
				INFOPLIST_KEY_UIApplicationSupportsIndirectInputEvents = YES;
				INFOPLIST_KEY_UILaunchStoryboardName = LaunchScreen;
				INFOPLIST_KEY_UISupportedInterfaceOrientations_iPad = "UIInterfaceOrientationPortrait UIInterfaceOrientationPortraitUpsideDown UIInterfaceOrientationLandscapeLeft UIInterfaceOrientationLandscapeRight";
				INFOPLIST_KEY_UISupportedInterfaceOrientations_iPhone = "UIInterfaceOrientationPortrait UIInterfaceOrientationLandscapeLeft UIInterfaceOrientationLandscapeRight";
				LD_RUNPATH_SEARCH_PATHS = (
					"$(inherited)",
					"@executable_path/Frameworks",
				);
				MARKETING_VERSION = 1.0;
				PRODUCT_BUNDLE_IDENTIFIER = AG.RickAndMortyApp;
				PRODUCT_NAME = "$(TARGET_NAME)";
				SWIFT_EMIT_LOC_STRINGS = YES;
				SWIFT_VERSION = 5.0;
				TARGETED_DEVICE_FAMILY = "1,2";
			};
			name = Debug;
		};
		0A8C8C9E2A8F701F0068C91D /* Release */ = {
			isa = XCBuildConfiguration;
			buildSettings = {
				ASSETCATALOG_COMPILER_APPICON_NAME = AppIcon;
				ASSETCATALOG_COMPILER_GLOBAL_ACCENT_COLOR_NAME = AccentColor;
				CODE_SIGN_STYLE = Automatic;
				CURRENT_PROJECT_VERSION = 1;
				DEVELOPMENT_TEAM = HM795YG5L5;
				GENERATE_INFOPLIST_FILE = YES;
				INFOPLIST_FILE = RickAndMortyApp/Info.plist;
				INFOPLIST_KEY_UIApplicationSupportsIndirectInputEvents = YES;
				INFOPLIST_KEY_UILaunchStoryboardName = LaunchScreen;
				INFOPLIST_KEY_UISupportedInterfaceOrientations_iPad = "UIInterfaceOrientationPortrait UIInterfaceOrientationPortraitUpsideDown UIInterfaceOrientationLandscapeLeft UIInterfaceOrientationLandscapeRight";
				INFOPLIST_KEY_UISupportedInterfaceOrientations_iPhone = "UIInterfaceOrientationPortrait UIInterfaceOrientationLandscapeLeft UIInterfaceOrientationLandscapeRight";
				LD_RUNPATH_SEARCH_PATHS = (
					"$(inherited)",
					"@executable_path/Frameworks",
				);
				MARKETING_VERSION = 1.0;
				PRODUCT_BUNDLE_IDENTIFIER = AG.RickAndMortyApp;
				PRODUCT_NAME = "$(TARGET_NAME)";
				SWIFT_EMIT_LOC_STRINGS = YES;
				SWIFT_VERSION = 5.0;
				TARGETED_DEVICE_FAMILY = "1,2";
			};
			name = Release;
		};
/* End XCBuildConfiguration section */

/* Begin XCConfigurationList section */
		0A8C8C832A8F701E0068C91D /* Build configuration list for PBXProject "RickAndMortyApp" */ = {
			isa = XCConfigurationList;
			buildConfigurations = (
				0A8C8C9A2A8F701F0068C91D /* Debug */,
				0A8C8C9B2A8F701F0068C91D /* Release */,
			);
			defaultConfigurationIsVisible = 0;
			defaultConfigurationName = Release;
		};
		0A8C8C9C2A8F701F0068C91D /* Build configuration list for PBXNativeTarget "RickAndMortyApp" */ = {
			isa = XCConfigurationList;
			buildConfigurations = (
				0A8C8C9D2A8F701F0068C91D /* Debug */,
				0A8C8C9E2A8F701F0068C91D /* Release */,
			);
			defaultConfigurationIsVisible = 0;
			defaultConfigurationName = Release;
		};
/* End XCConfigurationList section */

/* Begin XCRemoteSwiftPackageReference section */
		0A05862B2A8F92030031D662 /* XCRemoteSwiftPackageReference "Kingfisher" */ = {
			isa = XCRemoteSwiftPackageReference;
			repositoryURL = "https://github.com/onevcat/Kingfisher.git";
			requirement = {
				kind = upToNextMajorVersion;
				minimumVersion = 7.0.0;
			};
		};
		0AF73D2F2A93A82600F1C7B5 /* XCRemoteSwiftPackageReference "ProgressHUD" */ = {
			isa = XCRemoteSwiftPackageReference;
			repositoryURL = "https://github.com/relatedcode/ProgressHUD";
			requirement = {
				kind = upToNextMajorVersion;
				minimumVersion = 13.0.0;
			};
		};
/* End XCRemoteSwiftPackageReference section */

/* Begin XCSwiftPackageProductDependency section */
		0A05862C2A8F92030031D662 /* Kingfisher */ = {
			isa = XCSwiftPackageProductDependency;
			package = 0A05862B2A8F92030031D662 /* XCRemoteSwiftPackageReference "Kingfisher" */;
			productName = Kingfisher;
		};
		0AF73D302A93A82600F1C7B5 /* ProgressHUD */ = {
			isa = XCSwiftPackageProductDependency;
			package = 0AF73D2F2A93A82600F1C7B5 /* XCRemoteSwiftPackageReference "ProgressHUD" */;
			productName = ProgressHUD;
		};
/* End XCSwiftPackageProductDependency section */
	};
	rootObject = 0A8C8C802A8F701E0068C91D /* Project object */;
}
